
Microsoft Visual Studio Solution File, Format Version 12.00
# Visual Studio Version 17
VisualStudioVersion = 17.4.33213.308
MinimumVisualStudioVersion = 10.0.40219.1
Project("{FAE04EC0-301F-11D3-BF4B-00C04F79EFBC}") = "BotigaCistella", "BotigaCistella\BotigaCistella.csproj", "{5F530D85-5CA9-40DB-B039-EB08038FA42F}"
EndProject
Global
	GlobalSection(SolutionConfigurationPlatforms) = preSolution
		Debug|Any CPU = Debug|Any CPU
		Release|Any CPU = Release|Any CPU
	EndGlobalSection
	GlobalSection(ProjectConfigurationPlatforms) = postSolution
		{5F530D85-5CA9-40DB-B039-EB08038FA42F}.Debug|Any CPU.ActiveCfg = Debug|Any CPU
		{5F530D85-5CA9-40DB-B039-EB08038FA42F}.Debug|Any CPU.Build.0 = Debug|Any CPU
		{5F530D85-5CA9-40DB-B039-EB08038FA42F}.Release|Any CPU.ActiveCfg = Release|Any CPU
		{5F530D85-5CA9-40DB-B039-EB08038FA42F}.Release|Any CPU.Build.0 = Release|Any CPU
	EndGlobalSection
	GlobalSection(SolutionProperties) = preSolution
		HideSolutionNode = FALSE
	EndGlobalSection
	GlobalSection(ExtensibilityGlobals) = postSolution
		SolutionGuid = {F1B0C7D3-54A8-4254-8A3F-6FA1275D8302}
	EndGlobalSection
EndGlobal
